
Microsoft Visual Studio Solution File, Format Version 12.00
# Visual Studio Version 16
VisualStudioVersion = 16.0.30225.117
MinimumVisualStudioVersion = 10.0.40219.1
Project("{8BC9CEB8-8B4A-11D0-8D11-00A0C91BC942}") = "DriverLoader", "DriverLoader\DriverLoader.vcxproj", "{2FA72786-E2E6-4132-9F7F-C9BC9BE6BCB2}"
EndProject
Project("{8BC9CEB8-8B4A-11D0-8D11-00A0C91BC942}") = "TargetDriver", "TargetDriver\TargetDriver.vcxproj", "{DCE10F86-28D8-4979-87CB-E37CB3492DE9}"
EndProject
Project("{8BC9CEB8-8B4A-11D0-8D11-00A0C91BC942}") = "DriverHooker", "DriverHooker\DriverHooker.vcxproj", "{E2B49D7C-D172-4C48-98FF-B0EF82C92B7B}"
EndProject
Project("{8BC9CEB8-8B4A-11D0-8D11-00A0C91BC942}") = "CppInjector", "CppInjector\CppInjector.vcxproj", "{F96B895D-A88D-4B65-9BA0-E559E62ED21E}"
EndProject
Project("{8BC9CEB8-8B4A-11D0-8D11-00A0C91BC942}") = "ProcessMonitorDriver", "ProcessMonitorDriver\ProcessMonitorDriver.vcxproj", "{D3A6F1A8-38AA-40A9-8427-2DA875E10CBB}"
EndProject
Global
	GlobalSection(SolutionConfigurationPlatforms) = preSolution
		Debug|Any CPU = Debug|Any CPU
		Debug|ARM = Debug|ARM
		Debug|ARM64 = Debug|ARM64
		Debug|x64 = Debug|x64
		Debug|x86 = Debug|x86
		Release|Any CPU = Release|Any CPU
		Release|ARM = Release|ARM
		Release|ARM64 = Release|ARM64
		Release|x64 = Release|x64
		Release|x86 = Release|x86
	EndGlobalSection
	GlobalSection(ProjectConfigurationPlatforms) = postSolution
		{2FA72786-E2E6-4132-9F7F-C9BC9BE6BCB2}.Debug|Any CPU.ActiveCfg = Debug|Win32
		{2FA72786-E2E6-4132-9F7F-C9BC9BE6BCB2}.Debug|ARM.ActiveCfg = Debug|Win32
		{2FA72786-E2E6-4132-9F7F-C9BC9BE6BCB2}.Debug|ARM64.ActiveCfg = Debug|Win32
		{2FA72786-E2E6-4132-9F7F-C9BC9BE6BCB2}.Debug|x64.ActiveCfg = Debug|x64
		{2FA72786-E2E6-4132-9F7F-C9BC9BE6BCB2}.Debug|x64.Build.0 = Debug|x64
		{2FA72786-E2E6-4132-9F7F-C9BC9BE6BCB2}.Debug|x86.ActiveCfg = Debug|Win32
		{2FA72786-E2E6-4132-9F7F-C9BC9BE6BCB2}.Debug|x86.Build.0 = Debug|Win32
		{2FA72786-E2E6-4132-9F7F-C9BC9BE6BCB2}.Release|Any CPU.ActiveCfg = Release|Win32
		{2FA72786-E2E6-4132-9F7F-C9BC9BE6BCB2}.Release|ARM.ActiveCfg = Release|Win32
		{2FA72786-E2E6-4132-9F7F-C9BC9BE6BCB2}.Release|ARM64.ActiveCfg = Release|Win32
		{2FA72786-E2E6-4132-9F7F-C9BC9BE6BCB2}.Release|x64.ActiveCfg = Release|x64
		{2FA72786-E2E6-4132-9F7F-C9BC9BE6BCB2}.Release|x64.Build.0 = Release|x64
		{2FA72786-E2E6-4132-9F7F-C9BC9BE6BCB2}.Release|x86.ActiveCfg = Release|Win32
		{2FA72786-E2E6-4132-9F7F-C9BC9BE6BCB2}.Release|x86.Build.0 = Release|Win32
		{DCE10F86-28D8-4979-87CB-E37CB3492DE9}.Debug|Any CPU.ActiveCfg = Debug|Win32
		{DCE10F86-28D8-4979-87CB-E37CB3492DE9}.Debug|ARM.ActiveCfg = Debug|ARM
		{DCE10F86-28D8-4979-87CB-E37CB3492DE9}.Debug|ARM.Build.0 = Debug|ARM
		{DCE10F86-28D8-4979-87CB-E37CB3492DE9}.Debug|ARM.Deploy.0 = Debug|ARM
		{DCE10F86-28D8-4979-87CB-E37CB3492DE9}.Debug|ARM64.ActiveCfg = Debug|ARM64
		{DCE10F86-28D8-4979-87CB-E37CB3492DE9}.Debug|ARM64.Build.0 = Debug|ARM64
		{DCE10F86-28D8-4979-87CB-E37CB3492DE9}.Debug|ARM64.Deploy.0 = Debug|ARM64
		{DCE10F86-28D8-4979-87CB-E37CB3492DE9}.Debug|x64.ActiveCfg = Debug|x64
		{DCE10F86-28D8-4979-87CB-E37CB3492DE9}.Debug|x64.Build.0 = Debug|x64
		{DCE10F86-28D8-4979-87CB-E37CB3492DE9}.Debug|x64.Deploy.0 = Debug|x64
		{DCE10F86-28D8-4979-87CB-E37CB3492DE9}.Debug|x86.ActiveCfg = Debug|Win32
		{DCE10F86-28D8-4979-87CB-E37CB3492DE9}.Debug|x86.Build.0 = Debug|Win32
		{DCE10F86-28D8-4979-87CB-E37CB3492DE9}.Debug|x86.Deploy.0 = Debug|Win32
		{DCE10F86-28D8-4979-87CB-E37CB3492DE9}.Release|Any CPU.ActiveCfg = Release|Win32
		{DCE10F86-28D8-4979-87CB-E37CB3492DE9}.Release|ARM.ActiveCfg = Release|ARM
		{DCE10F86-28D8-4979-87CB-E37CB3492DE9}.Release|ARM.Build.0 = Release|ARM
		{DCE10F86-28D8-4979-87CB-E37CB3492DE9}.Release|ARM.Deploy.0 = Release|ARM
		{DCE10F86-28D8-4979-87CB-E37CB3492DE9}.Release|ARM64.ActiveCfg = Release|ARM64
		{DCE10F86-28D8-4979-87CB-E37CB3492DE9}.Release|ARM64.Build.0 = Release|ARM64
		{DCE10F86-28D8-4979-87CB-E37CB3492DE9}.Release|ARM64.Deploy.0 = Release|ARM64
		{DCE10F86-28D8-4979-87CB-E37CB3492DE9}.Release|x64.ActiveCfg = Release|x64
		{DCE10F86-28D8-4979-87CB-E37CB3492DE9}.Release|x64.Build.0 = Release|x64
		{DCE10F86-28D8-4979-87CB-E37CB3492DE9}.Release|x64.Deploy.0 = Release|x64
		{DCE10F86-28D8-4979-87CB-E37CB3492DE9}.Release|x86.ActiveCfg = Release|Win32
		{DCE10F86-28D8-4979-87CB-E37CB3492DE9}.Release|x86.Build.0 = Release|Win32
		{DCE10F86-28D8-4979-87CB-E37CB3492DE9}.Release|x86.Deploy.0 = Release|Win32
		{E2B49D7C-D172-4C48-98FF-B0EF82C92B7B}.Debug|Any CPU.ActiveCfg = Debug|Win32
		{E2B49D7C-D172-4C48-98FF-B0EF82C92B7B}.Debug|ARM.ActiveCfg = Debug|Win32
		{E2B49D7C-D172-4C48-98FF-B0EF82C92B7B}.Debug|ARM64.ActiveCfg = Debug|Win32
		{E2B49D7C-D172-4C48-98FF-B0EF82C92B7B}.Debug|x64.ActiveCfg = Debug|x64
		{E2B49D7C-D172-4C48-98FF-B0EF82C92B7B}.Debug|x64.Build.0 = Debug|x64
		{E2B49D7C-D172-4C48-98FF-B0EF82C92B7B}.Debug|x86.ActiveCfg = Debug|Win32
		{E2B49D7C-D172-4C48-98FF-B0EF82C92B7B}.Debug|x86.Build.0 = Debug|Win32
		{E2B49D7C-D172-4C48-98FF-B0EF82C92B7B}.Release|Any CPU.ActiveCfg = Release|Win32
		{E2B49D7C-D172-4C48-98FF-B0EF82C92B7B}.Release|ARM.ActiveCfg = Release|Win32
		{E2B49D7C-D172-4C48-98FF-B0EF82C92B7B}.Release|ARM64.ActiveCfg = Release|Win32
		{E2B49D7C-D172-4C48-98FF-B0EF82C92B7B}.Release|x64.ActiveCfg = Release|x64
		{E2B49D7C-D172-4C48-98FF-B0EF82C92B7B}.Release|x64.Build.0 = Release|x64
		{E2B49D7C-D172-4C48-98FF-B0EF82C92B7B}.Release|x86.ActiveCfg = Release|Win32
		{E2B49D7C-D172-4C48-98FF-B0EF82C92B7B}.Release|x86.Build.0 = Release|Win32
		{F96B895D-A88D-4B65-9BA0-E559E62ED21E}.Debug|Any CPU.ActiveCfg = Debug|Win32
		{F96B895D-A88D-4B65-9BA0-E559E62ED21E}.Debug|ARM.ActiveCfg = Debug|Win32
		{F96B895D-A88D-4B65-9BA0-E559E62ED21E}.Debug|ARM64.ActiveCfg = Debug|Win32
		{F96B895D-A88D-4B65-9BA0-E559E62ED21E}.Debug|x64.ActiveCfg = Debug|x64
		{F96B895D-A88D-4B65-9BA0-E559E62ED21E}.Debug|x64.Build.0 = Debug|x64
		{F96B895D-A88D-4B65-9BA0-E559E62ED21E}.Debug|x86.ActiveCfg = Debug|Win32
		{F96B895D-A88D-4B65-9BA0-E559E62ED21E}.Debug|x86.Build.0 = Debug|Win32
		{F96B895D-A88D-4B65-9BA0-E559E62ED21E}.Release|Any CPU.ActiveCfg = Release|Win32
		{F96B895D-A88D-4B65-9BA0-E559E62ED21E}.Release|ARM.ActiveCfg = Release|Win32
		{F96B895D-A88D-4B65-9BA0-E559E62ED21E}.Release|ARM64.ActiveCfg = Release|Win32
		{F96B895D-A88D-4B65-9BA0-E559E62ED21E}.Release|x64.ActiveCfg = Release|x64
		{F96B895D-A88D-4B65-9BA0-E559E62ED21E}.Release|x64.Build.0 = Release|x64
		{F96B895D-A88D-4B65-9BA0-E559E62ED21E}.Release|x86.ActiveCfg = Release|Win32
		{F96B895D-A88D-4B65-9BA0-E559E62ED21E}.Release|x86.Build.0 = Release|Win32
		{D3A6F1A8-38AA-40A9-8427-2DA875E10CBB}.Debug|Any CPU.ActiveCfg = Debug|Win32
		{D3A6F1A8-38AA-40A9-8427-2DA875E10CBB}.Debug|ARM.ActiveCfg = Debug|ARM
		{D3A6F1A8-38AA-40A9-8427-2DA875E10CBB}.Debug|ARM.Build.0 = Debug|ARM
		{D3A6F1A8-38AA-40A9-8427-2DA875E10CBB}.Debug|ARM.Deploy.0 = Debug|ARM
		{D3A6F1A8-38AA-40A9-8427-2DA875E10CBB}.Debug|ARM64.ActiveCfg = Debug|ARM64
		{D3A6F1A8-38AA-40A9-8427-2DA875E10CBB}.Debug|ARM64.Build.0 = Debug|ARM64
		{D3A6F1A8-38AA-40A9-8427-2DA875E10CBB}.Debug|ARM64.Deploy.0 = Debug|ARM64
		{D3A6F1A8-38AA-40A9-8427-2DA875E10CBB}.Debug|x64.ActiveCfg = Debug|x64
		{D3A6F1A8-38AA-40A9-8427-2DA875E10CBB}.Debug|x64.Build.0 = Debug|x64
		{D3A6F1A8-38AA-40A9-8427-2DA875E10CBB}.Debug|x64.Deploy.0 = Debug|x64
		{D3A6F1A8-38AA-40A9-8427-2DA875E10CBB}.Debug|x86.ActiveCfg = Debug|Win32
		{D3A6F1A8-38AA-40A9-8427-2DA875E10CBB}.Debug|x86.Build.0 = Debug|Win32
		{D3A6F1A8-38AA-40A9-8427-2DA875E10CBB}.Debug|x86.Deploy.0 = Debug|Win32
		{D3A6F1A8-38AA-40A9-8427-2DA875E10CBB}.Release|Any CPU.ActiveCfg = Release|Win32
		{D3A6F1A8-38AA-40A9-8427-2DA875E10CBB}.Release|ARM.ActiveCfg = Release|ARM
		{D3A6F1A8-38AA-40A9-8427-2DA875E10CBB}.Release|ARM.Build.0 = Release|ARM
		{D3A6F1A8-38AA-40A9-8427-2DA875E10CBB}.Release|ARM.Deploy.0 = Release|ARM
		{D3A6F1A8-38AA-40A9-8427-2DA875E10CBB}.Release|ARM64.ActiveCfg = Release|ARM64
		{D3A6F1A8-38AA-40A9-8427-2DA875E10CBB}.Release|ARM64.Build.0 = Release|ARM64
		{D3A6F1A8-38AA-40A9-8427-2DA875E10CBB}.Release|ARM64.Deploy.0 = Release|ARM64
		{D3A6F1A8-38AA-40A9-8427-2DA875E10CBB}.Release|x64.ActiveCfg = Release|x64
		{D3A6F1A8-38AA-40A9-8427-2DA875E10CBB}.Release|x64.Build.0 = Release|x64
		{D3A6F1A8-38AA-40A9-8427-2DA875E10CBB}.Release|x64.Deploy.0 = Release|x64
		{D3A6F1A8-38AA-40A9-8427-2DA875E10CBB}.Release|x86.ActiveCfg = Release|Win32
		{D3A6F1A8-38AA-40A9-8427-2DA875E10CBB}.Release|x86.Build.0 = Release|Win32
		{D3A6F1A8-38AA-40A9-8427-2DA875E10CBB}.Release|x86.Deploy.0 = Release|Win32
	EndGlobalSection
	GlobalSection(SolutionProperties) = preSolution
		HideSolutionNode = FALSE
	EndGlobalSection
	GlobalSection(ExtensibilityGlobals) = postSolution
		SolutionGuid = {B622B033-9749-4F69-94A7-1A7460B92F17}
	EndGlobalSection
EndGlobal
